
Microsoft Visual Studio Solution File, Format Version 12.00
# Visual Studio Version 16
VisualStudioVersion = 16.0.37206.5
MinimumVisualStudioVersion = 10.0.40219.1
Project("{FAE04EC0-301F-11D3-BF4B-00C04F79EFBC}") = "FisioSalud_Proyecto", "FisioSalud_Proyecto\FisioSalud_Proyecto.csproj", "{EA79119C-580D-4192-A72B-85CDC42DEDB0}"
EndProject
Global
	GlobalSection(SolutionConfigurationPlatforms) = preSolution
		Debug|Any CPU = Debug|Any CPU
		Release|Any CPU = Release|Any CPU
	EndGlobalSection
	GlobalSection(ProjectConfigurationPlatforms) = postSolution
		{EA79119C-580D-4192-A72B-85CDC42DEDB0}.Debug|Any CPU.ActiveCfg = Debug|Any CPU
		{EA79119C-580D-4192-A72B-85CDC42DEDB0}.Debug|Any CPU.Build.0 = Debug|Any CPU
		{EA79119C-580D-4192-A72B-85CDC42DEDB0}.Release|Any CPU.ActiveCfg = Release|Any CPU
		{EA79119C-580D-4192-A72B-85CDC42DEDB0}.Release|Any CPU.Build.0 = Release|Any CPU
	EndGlobalSection
	GlobalSection(SolutionProperties) = preSolution
		HideSolutionNode = FALSE
	EndGlobalSection
	GlobalSection(ExtensibilityGlobals) = postSolution
		SolutionGuid = {855EB70C-E7F6-4398-BE13-1F3DFF593C14}
	EndGlobalSection
EndGlobal
